
Microsoft Visual Studio Solution File, Format Version 12.00
# Visual Studio Version 17
VisualStudioVersion = 17.0.32014.148
MinimumVisualStudioVersion = 10.0.40219.1
Project("{FAE04EC0-301F-11D3-BF4B-00C04F79EFBC}") = "354_A", "354_A\354_A.csproj", "{5838F5B2-FD00-4434-8B77-660E0E19C7E0}"
EndProject
Project("{FAE04EC0-301F-11D3-BF4B-00C04F79EFBC}") = "354_B", "354_B\354_B.csproj", "{09B30924-F72C-4170-9889-079C81EF1E83}"
EndProject
Project("{FAE04EC0-301F-11D3-BF4B-00C04F79EFBC}") = "301_A", "301_A\301_A.csproj", "{1A95F82C-2317-4D6E-9DFF-9384F4320917}"
EndProject
Project("{FAE04EC0-301F-11D3-BF4B-00C04F79EFBC}") = "352_A", "352_A\352_A.csproj", "{1FF6A874-E1A9-4F00-97D9-BDAD9D4E9288}"
EndProject
Project("{FAE04EC0-301F-11D3-BF4B-00C04F79EFBC}") = "352_B", "352_B\352_B.csproj", "{95700D37-62AD-4509-A022-81F684E36C53}"
EndProject
Project("{FAE04EC0-301F-11D3-BF4B-00C04F79EFBC}") = "349_A", "349_A\349_A.csproj", "{78B636B2-9D0D-4DDE-8A08-A495E90C32AE}"
EndProject
Project("{FAE04EC0-301F-11D3-BF4B-00C04F79EFBC}") = "349_B", "349_B\349_B.csproj", "{C2B70F66-5EF2-4DD2-B118-20BDB0D1A920}"
EndProject
Project("{FAE04EC0-301F-11D3-BF4B-00C04F79EFBC}") = "347_A", "374_A\347_A.csproj", "{72E9B7FA-7C4B-47AB-B14C-3DAC8B7349A8}"
EndProject
Project("{FAE04EC0-301F-11D3-BF4B-00C04F79EFBC}") = "347_B", "347_B\347_B.csproj", "{B12CD08C-4C27-4B20-8D56-F84DED848201}"
EndProject
Project("{FAE04EC0-301F-11D3-BF4B-00C04F79EFBC}") = "346_A", "346_A\346_A.csproj", "{E31B1C6D-EA72-4BB0-A92F-D2DB25444CC0}"
EndProject
Project("{FAE04EC0-301F-11D3-BF4B-00C04F79EFBC}") = "345_A", "345_A\345_A.csproj", "{80C178C3-00E1-4C4D-A8D3-F0B18E898EEA}"
EndProject
Global
	GlobalSection(SolutionConfigurationPlatforms) = preSolution
		Debug|Any CPU = Debug|Any CPU
		Release|Any CPU = Release|Any CPU
	EndGlobalSection
	GlobalSection(ProjectConfigurationPlatforms) = postSolution
		{5838F5B2-FD00-4434-8B77-660E0E19C7E0}.Debug|Any CPU.ActiveCfg = Debug|Any CPU
		{5838F5B2-FD00-4434-8B77-660E0E19C7E0}.Debug|Any CPU.Build.0 = Debug|Any CPU
		{5838F5B2-FD00-4434-8B77-660E0E19C7E0}.Release|Any CPU.ActiveCfg = Release|Any CPU
		{5838F5B2-FD00-4434-8B77-660E0E19C7E0}.Release|Any CPU.Build.0 = Release|Any CPU
		{09B30924-F72C-4170-9889-079C81EF1E83}.Debug|Any CPU.ActiveCfg = Debug|Any CPU
		{09B30924-F72C-4170-9889-079C81EF1E83}.Debug|Any CPU.Build.0 = Debug|Any CPU
		{09B30924-F72C-4170-9889-079C81EF1E83}.Release|Any CPU.ActiveCfg = Release|Any CPU
		{09B30924-F72C-4170-9889-079C81EF1E83}.Release|Any CPU.Build.0 = Release|Any CPU
		{1A95F82C-2317-4D6E-9DFF-9384F4320917}.Debug|Any CPU.ActiveCfg = Debug|Any CPU
		{1A95F82C-2317-4D6E-9DFF-9384F4320917}.Debug|Any CPU.Build.0 = Debug|Any CPU
		{1A95F82C-2317-4D6E-9DFF-9384F4320917}.Release|Any CPU.ActiveCfg = Release|Any CPU
		{1A95F82C-2317-4D6E-9DFF-9384F4320917}.Release|Any CPU.Build.0 = Release|Any CPU
		{1FF6A874-E1A9-4F00-97D9-BDAD9D4E9288}.Debug|Any CPU.ActiveCfg = Debug|Any CPU
		{1FF6A874-E1A9-4F00-97D9-BDAD9D4E9288}.Debug|Any CPU.Build.0 = Debug|Any CPU
		{1FF6A874-E1A9-4F00-97D9-BDAD9D4E9288}.Release|Any CPU.ActiveCfg = Release|Any CPU
		{1FF6A874-E1A9-4F00-97D9-BDAD9D4E9288}.Release|Any CPU.Build.0 = Release|Any CPU
		{95700D37-62AD-4509-A022-81F684E36C53}.Debug|Any CPU.ActiveCfg = Debug|Any CPU
		{95700D37-62AD-4509-A022-81F684E36C53}.Debug|Any CPU.Build.0 = Debug|Any CPU
		{95700D37-62AD-4509-A022-81F684E36C53}.Release|Any CPU.ActiveCfg = Release|Any CPU
		{95700D37-62AD-4509-A022-81F684E36C53}.Release|Any CPU.Build.0 = Release|Any CPU
		{78B636B2-9D0D-4DDE-8A08-A495E90C32AE}.Debug|Any CPU.ActiveCfg = Debug|Any CPU
		{78B636B2-9D0D-4DDE-8A08-A495E90C32AE}.Debug|Any CPU.Build.0 = Debug|Any CPU
		{78B636B2-9D0D-4DDE-8A08-A495E90C32AE}.Release|Any CPU.ActiveCfg = Release|Any CPU
		{78B636B2-9D0D-4DDE-8A08-A495E90C32AE}.Release|Any CPU.Build.0 = Release|Any CPU
		{C2B70F66-5EF2-4DD2-B118-20BDB0D1A920}.Debug|Any CPU.ActiveCfg = Debug|Any CPU
		{C2B70F66-5EF2-4DD2-B118-20BDB0D1A920}.Debug|Any CPU.Build.0 = Debug|Any CPU
		{C2B70F66-5EF2-4DD2-B118-20BDB0D1A920}.Release|Any CPU.ActiveCfg = Release|Any CPU
		{C2B70F66-5EF2-4DD2-B118-20BDB0D1A920}.Release|Any CPU.Build.0 = Release|Any CPU
		{72E9B7FA-7C4B-47AB-B14C-3DAC8B7349A8}.Debug|Any CPU.ActiveCfg = Debug|Any CPU
		{72E9B7FA-7C4B-47AB-B14C-3DAC8B7349A8}.Debug|Any CPU.Build.0 = Debug|Any CPU
		{72E9B7FA-7C4B-47AB-B14C-3DAC8B7349A8}.Release|Any CPU.ActiveCfg = Release|Any CPU
		{72E9B7FA-7C4B-47AB-B14C-3DAC8B7349A8}.Release|Any CPU.Build.0 = Release|Any CPU
		{B12CD08C-4C27-4B20-8D56-F84DED848201}.Debug|Any CPU.ActiveCfg = Debug|Any CPU
		{B12CD08C-4C27-4B20-8D56-F84DED848201}.Debug|Any CPU.Build.0 = Debug|Any CPU
		{B12CD08C-4C27-4B20-8D56-F84DED848201}.Release|Any CPU.ActiveCfg = Release|Any CPU
		{B12CD08C-4C27-4B20-8D56-F84DED848201}.Release|Any CPU.Build.0 = Release|Any CPU
		{E31B1C6D-EA72-4BB0-A92F-D2DB25444CC0}.Debug|Any CPU.ActiveCfg = Debug|Any CPU
		{E31B1C6D-EA72-4BB0-A92F-D2DB25444CC0}.Debug|Any CPU.Build.0 = Debug|Any CPU
		{E31B1C6D-EA72-4BB0-A92F-D2DB25444CC0}.Release|Any CPU.ActiveCfg = Release|Any CPU
		{E31B1C6D-EA72-4BB0-A92F-D2DB25444CC0}.Release|Any CPU.Build.0 = Release|Any CPU
		{80C178C3-00E1-4C4D-A8D3-F0B18E898EEA}.Debug|Any CPU.ActiveCfg = Debug|Any CPU
		{80C178C3-00E1-4C4D-A8D3-F0B18E898EEA}.Debug|Any CPU.Build.0 = Debug|Any CPU
		{80C178C3-00E1-4C4D-A8D3-F0B18E898EEA}.Release|Any CPU.ActiveCfg = Release|Any CPU
		{80C178C3-00E1-4C4D-A8D3-F0B18E898EEA}.Release|Any CPU.Build.0 = Release|Any CPU
	EndGlobalSection
	GlobalSection(SolutionProperties) = preSolution
		HideSolutionNode = FALSE
	EndGlobalSection
	GlobalSection(ExtensibilityGlobals) = postSolution
		SolutionGuid = {0C6D5A91-1AEB-409F-BA1E-BC9E4ADD804D}
	EndGlobalSection
EndGlobal
