
Microsoft Visual Studio Solution File, Format Version 12.00
# Visual Studio Version 17
VisualStudioVersion = 17.0.32014.148
MinimumVisualStudioVersion = 10.0.40219.1
Project("{FAE04EC0-301F-11D3-BF4B-00C04F79EFBC}") = "354_A", "354_A\354_A.csproj", "{5838F5B2-FD00-4434-8B77-660E0E19C7E0}"
EndProject
Project("{FAE04EC0-301F-11D3-BF4B-00C04F79EFBC}") = "354_B", "354_B\354_B.csproj", "{09B30924-F72C-4170-9889-079C81EF1E83}"
EndProject
Global
	GlobalSection(SolutionConfigurationPlatforms) = preSolution
		Debug|Any CPU = Debug|Any CPU
		Release|Any CPU = Release|Any CPU
	EndGlobalSection
	GlobalSection(ProjectConfigurationPlatforms) = postSolution
		{5838F5B2-FD00-4434-8B77-660E0E19C7E0}.Debug|Any CPU.ActiveCfg = Debug|Any CPU
		{5838F5B2-FD00-4434-8B77-660E0E19C7E0}.Debug|Any CPU.Build.0 = Debug|Any CPU
		{5838F5B2-FD00-4434-8B77-660E0E19C7E0}.Release|Any CPU.ActiveCfg = Release|Any CPU
		{5838F5B2-FD00-4434-8B77-660E0E19C7E0}.Release|Any CPU.Build.0 = Release|Any CPU
		{09B30924-F72C-4170-9889-079C81EF1E83}.Debug|Any CPU.ActiveCfg = Debug|Any CPU
		{09B30924-F72C-4170-9889-079C81EF1E83}.Debug|Any CPU.Build.0 = Debug|Any CPU
		{09B30924-F72C-4170-9889-079C81EF1E83}.Release|Any CPU.ActiveCfg = Release|Any CPU
		{09B30924-F72C-4170-9889-079C81EF1E83}.Release|Any CPU.Build.0 = Release|Any CPU
	EndGlobalSection
	GlobalSection(SolutionProperties) = preSolution
		HideSolutionNode = FALSE
	EndGlobalSection
	GlobalSection(ExtensibilityGlobals) = postSolution
		SolutionGuid = {0C6D5A91-1AEB-409F-BA1E-BC9E4ADD804D}
	EndGlobalSection
EndGlobal
