
Microsoft Visual Studio Solution File, Format Version 12.00
# Visual Studio Version 17
VisualStudioVersion = 17.0.32014.148
MinimumVisualStudioVersion = 10.0.40219.1
Project("{FAE04EC0-301F-11D3-BF4B-00C04F79EFBC}") = "354_A", "354_A\354_A.csproj", "{5838F5B2-FD00-4434-8B77-660E0E19C7E0}"
EndProject
Project("{FAE04EC0-301F-11D3-BF4B-00C04F79EFBC}") = "354_B", "354_B\354_B.csproj", "{09B30924-F72C-4170-9889-079C81EF1E83}"
EndProject
Project("{FAE04EC0-301F-11D3-BF4B-00C04F79EFBC}") = "301_A", "301_A\301_A.csproj", "{1A95F82C-2317-4D6E-9DFF-9384F4320917}"
EndProject
Project("{FAE04EC0-301F-11D3-BF4B-00C04F79EFBC}") = "352_A", "352_A\352_A.csproj", "{1FF6A874-E1A9-4F00-97D9-BDAD9D4E9288}"
EndProject
Project("{FAE04EC0-301F-11D3-BF4B-00C04F79EFBC}") = "352_B", "352_B\352_B.csproj", "{95700D37-62AD-4509-A022-81F684E36C53}"
EndProject
Project("{FAE04EC0-301F-11D3-BF4B-00C04F79EFBC}") = "349_A", "349_A\349_A.csproj", "{78B636B2-9D0D-4DDE-8A08-A495E90C32AE}"
EndProject
Project("{FAE04EC0-301F-11D3-BF4B-00C04F79EFBC}") = "349_B", "349_B\349_B.csproj", "{C2B70F66-5EF2-4DD2-B118-20BDB0D1A920}"
EndProject
Project("{FAE04EC0-301F-11D3-BF4B-00C04F79EFBC}") = "347_A", "374_A\347_A.csproj", "{72E9B7FA-7C4B-47AB-B14C-3DAC8B7349A8}"
EndProject
Project("{FAE04EC0-301F-11D3-BF4B-00C04F79EFBC}") = "347_B", "347_B\347_B.csproj", "{B12CD08C-4C27-4B20-8D56-F84DED848201}"
EndProject
Project("{FAE04EC0-301F-11D3-BF4B-00C04F79EFBC}") = "346_A", "346_A\346_A.csproj", "{E31B1C6D-EA72-4BB0-A92F-D2DB25444CC0}"
EndProject
Project("{FAE04EC0-301F-11D3-BF4B-00C04F79EFBC}") = "345_A", "345_A\345_A.csproj", "{80C178C3-00E1-4C4D-A8D3-F0B18E898EEA}"
EndProject
Project("{FAE04EC0-301F-11D3-BF4B-00C04F79EFBC}") = "343_A", "343_A\343_A.csproj", "{678C3B50-50CA-42E4-BA02-73BA895757A4}"
EndProject
Project("{FAE04EC0-301F-11D3-BF4B-00C04F79EFBC}") = "343_B", "343_B\343_B.csproj", "{275DBF30-9713-4D54-86AE-42E78B7E7A1D}"
EndProject
Project("{FAE04EC0-301F-11D3-BF4B-00C04F79EFBC}") = "342_A", "342_A\342_A.csproj", "{6A67FBFC-F8A3-447A-83F0-B81E645D05B8}"
EndProject
Project("{FAE04EC0-301F-11D3-BF4B-00C04F79EFBC}") = "341_A", "341_A\341_A.csproj", "{0AD6FC21-D6E4-465C-99B1-37F4AA9DC0A8}"
EndProject
Project("{FAE04EC0-301F-11D3-BF4B-00C04F79EFBC}") = "340_A", "340_A\340_A.csproj", "{D661B2D5-3827-45A4-AAE8-863D6E0BE10B}"
EndProject
Project("{FAE04EC0-301F-11D3-BF4B-00C04F79EFBC}") = "339_A", "339_A\339_A.csproj", "{FAF3C76F-D2B3-4C54-99CB-09172C930051}"
EndProject
Project("{FAE04EC0-301F-11D3-BF4B-00C04F79EFBC}") = "338_A", "338_A\338_A.csproj", "{B54A0AC7-E320-429D-B75B-914C879B93D6}"
EndProject
Project("{FAE04EC0-301F-11D3-BF4B-00C04F79EFBC}") = "337_A", "337_A\337_A.csproj", "{0E234D5C-A1E9-4215-9F64-DC7FA0EB0430}"
EndProject
Project("{FAE04EC0-301F-11D3-BF4B-00C04F79EFBC}") = "336_A", "336_A\336_A.csproj", "{8D7C6B4C-B1EC-4149-A1A9-E78646DE2482}"
EndProject
Project("{FAE04EC0-301F-11D3-BF4B-00C04F79EFBC}") = "335_A", "335_A\335_A.csproj", "{013A99BD-FCEF-4474-8266-6C6405969E81}"
EndProject
Project("{FAE04EC0-301F-11D3-BF4B-00C04F79EFBC}") = "334", "334\334.csproj", "{A7F0BD36-39A1-454A-9998-54F808DA79BF}"
EndProject
Project("{FAE04EC0-301F-11D3-BF4B-00C04F79EFBC}") = "333_A", "333_A\333_A.csproj", "{FE14106A-3F04-4D6D-9819-B994CDF298BA}"
EndProject
Project("{FAE04EC0-301F-11D3-BF4B-00C04F79EFBC}") = "332_A", "332_A\332_A.csproj", "{A5198886-C5AB-4BC2-AAB4-85676926BB5E}"
EndProject
Project("{FAE04EC0-301F-11D3-BF4B-00C04F79EFBC}") = "344_B", "344_B\344_B.csproj", "{631A076C-112B-449B-9294-C49D4161CCB0}"
EndProject
Project("{FAE04EC0-301F-11D3-BF4B-00C04F79EFBC}") = "302_A", "302_A\302_A.csproj", "{0FF6FBFD-4E32-4265-A7B1-362AC6BC929D}"
EndProject
Project("{FAE04EC0-301F-11D3-BF4B-00C04F79EFBC}") = "303_A", "303_A\303_A.csproj", "{9C0B9D61-519F-4F3C-A47A-955CCB44E1ED}"
EndProject
Project("{FAE04EC0-301F-11D3-BF4B-00C04F79EFBC}") = "331_A", "331_A\331_A.csproj", "{0378890F-021E-41CE-B576-DCBF8EBAAB23}"
EndProject
Project("{FAE04EC0-301F-11D3-BF4B-00C04F79EFBC}") = "345_B", "345_B\345_B.csproj", "{F9B26ECE-7B70-4CC4-8428-70981041F33F}"
EndProject
Project("{FAE04EC0-301F-11D3-BF4B-00C04F79EFBC}") = "355_A", "355_A\355_A.csproj", "{08F582AD-2FF1-46F9-8B4C-2051D15BB035}"
EndProject
Project("{FAE04EC0-301F-11D3-BF4B-00C04F79EFBC}") = "355_B", "355_B\355_B.csproj", "{865B3451-9DF6-4F26-B40C-8E54D6E3B187}"
EndProject
Project("{FAE04EC0-301F-11D3-BF4B-00C04F79EFBC}") = "355_C", "355_C\355_C.csproj", "{7002719E-1D37-4492-8B5A-78BA50F56030}"
EndProject
Project("{FAE04EC0-301F-11D3-BF4B-00C04F79EFBC}") = "346_C", "346_C\346_C.csproj", "{A2F1F470-2A2F-4E2E-A1EE-1CCD0F6DFCD8}"
EndProject
Project("{FAE04EC0-301F-11D3-BF4B-00C04F79EFBC}") = "330_A", "330_A\330_A.csproj", "{E1B3A554-2ADD-4028-BF6F-92CA038C98BE}"
EndProject
Project("{FAE04EC0-301F-11D3-BF4B-00C04F79EFBC}") = "329_A", "329_A\329_A.csproj", "{B6CDF106-92E9-4AAD-8F3C-672258809F68}"
EndProject
Project("{FAE04EC0-301F-11D3-BF4B-00C04F79EFBC}") = "328_A", "328_A\328_A.csproj", "{993CA0D7-74F3-426D-BCC6-EC44DAD625F9}"
EndProject
Project("{FAE04EC0-301F-11D3-BF4B-00C04F79EFBC}") = "349_C", "349_C\349_C.csproj", "{67228661-15E7-4D66-A1F0-D57FB880972F}"
EndProject
Project("{FAE04EC0-301F-11D3-BF4B-00C04F79EFBC}") = "327_A", "327_A\327_A.csproj", "{018D2AF8-187C-4B0C-A382-5889F56C4B79}"
EndProject
Project("{FAE04EC0-301F-11D3-BF4B-00C04F79EFBC}") = "342_B", "342_B\342_B.csproj", "{F8E0E6DE-C055-4C9F-9558-9CA180143FE2}"
EndProject
Project("{FAE04EC0-301F-11D3-BF4B-00C04F79EFBC}") = "356_A", "356_A\356_A.csproj", "{80DAC83B-6137-4F01-893D-1DD8F3B2F1F4}"
EndProject
Project("{FAE04EC0-301F-11D3-BF4B-00C04F79EFBC}") = "357_A", "357_A\357_A.csproj", "{66EAA1BA-E04A-4365-BDF7-F1B88A3E87EC}"
EndProject
Project("{FAE04EC0-301F-11D3-BF4B-00C04F79EFBC}") = "357_B", "357_B\357_B.csproj", "{685DCF18-CE15-4CCE-9438-9422FE5E592A}"
EndProject
Project("{FAE04EC0-301F-11D3-BF4B-00C04F79EFBC}") = "357_C", "357_C\357_C.csproj", "{E0C05C3F-99E5-4120-90DB-4B0635C966BF}"
EndProject
Project("{FAE04EC0-301F-11D3-BF4B-00C04F79EFBC}") = "358_A", "358_A\358_A.csproj", "{B7378200-6050-47DA-8BB9-B66982818873}"
EndProject
Project("{FAE04EC0-301F-11D3-BF4B-00C04F79EFBC}") = "358_B", "358_B\358_B.csproj", "{E908BC60-FD70-4D76-93C2-4ADA8E5CA7BE}"
EndProject
Project("{FAE04EC0-301F-11D3-BF4B-00C04F79EFBC}") = "358_C", "358_C\358_C.csproj", "{4B5A09F2-D632-4322-A6B5-7E9368DF92BB}"
EndProject
Project("{2150E333-8FDC-42A3-9474-1A3956D46DE8}") = "Lesson", "Lesson", "{2D6903F7-B771-4BB2-960F-D7FF7E65A002}"
EndProject
Project("{FAE04EC0-301F-11D3-BF4B-00C04F79EFBC}") = "BitTest", "BitTest\BitTest.csproj", "{457EC9DD-8E8E-4BBD-B704-39EFCEC08F6A}"
EndProject
Project("{FAE04EC0-301F-11D3-BF4B-00C04F79EFBC}") = "356_B", "356_B\356_B.csproj", "{3F00DDF4-4F12-4624-B3CA-160812FB363B}"
EndProject
Global
	GlobalSection(SolutionConfigurationPlatforms) = preSolution
		Debug|Any CPU = Debug|Any CPU
		Debug|x64 = Debug|x64
		Release|Any CPU = Release|Any CPU
		Release|x64 = Release|x64
	EndGlobalSection
	GlobalSection(ProjectConfigurationPlatforms) = postSolution
		{5838F5B2-FD00-4434-8B77-660E0E19C7E0}.Debug|Any CPU.ActiveCfg = Debug|Any CPU
		{5838F5B2-FD00-4434-8B77-660E0E19C7E0}.Debug|Any CPU.Build.0 = Debug|Any CPU
		{5838F5B2-FD00-4434-8B77-660E0E19C7E0}.Debug|x64.ActiveCfg = Debug|Any CPU
		{5838F5B2-FD00-4434-8B77-660E0E19C7E0}.Debug|x64.Build.0 = Debug|Any CPU
		{5838F5B2-FD00-4434-8B77-660E0E19C7E0}.Release|Any CPU.ActiveCfg = Release|Any CPU
		{5838F5B2-FD00-4434-8B77-660E0E19C7E0}.Release|Any CPU.Build.0 = Release|Any CPU
		{5838F5B2-FD00-4434-8B77-660E0E19C7E0}.Release|x64.ActiveCfg = Release|Any CPU
		{5838F5B2-FD00-4434-8B77-660E0E19C7E0}.Release|x64.Build.0 = Release|Any CPU
		{09B30924-F72C-4170-9889-079C81EF1E83}.Debug|Any CPU.ActiveCfg = Debug|Any CPU
		{09B30924-F72C-4170-9889-079C81EF1E83}.Debug|Any CPU.Build.0 = Debug|Any CPU
		{09B30924-F72C-4170-9889-079C81EF1E83}.Debug|x64.ActiveCfg = Debug|Any CPU
		{09B30924-F72C-4170-9889-079C81EF1E83}.Debug|x64.Build.0 = Debug|Any CPU
		{09B30924-F72C-4170-9889-079C81EF1E83}.Release|Any CPU.ActiveCfg = Release|Any CPU
		{09B30924-F72C-4170-9889-079C81EF1E83}.Release|Any CPU.Build.0 = Release|Any CPU
		{09B30924-F72C-4170-9889-079C81EF1E83}.Release|x64.ActiveCfg = Release|Any CPU
		{09B30924-F72C-4170-9889-079C81EF1E83}.Release|x64.Build.0 = Release|Any CPU
		{1A95F82C-2317-4D6E-9DFF-9384F4320917}.Debug|Any CPU.ActiveCfg = Debug|Any CPU
		{1A95F82C-2317-4D6E-9DFF-9384F4320917}.Debug|Any CPU.Build.0 = Debug|Any CPU
		{1A95F82C-2317-4D6E-9DFF-9384F4320917}.Debug|x64.ActiveCfg = Debug|Any CPU
		{1A95F82C-2317-4D6E-9DFF-9384F4320917}.Debug|x64.Build.0 = Debug|Any CPU
		{1A95F82C-2317-4D6E-9DFF-9384F4320917}.Release|Any CPU.ActiveCfg = Release|Any CPU
		{1A95F82C-2317-4D6E-9DFF-9384F4320917}.Release|Any CPU.Build.0 = Release|Any CPU
		{1A95F82C-2317-4D6E-9DFF-9384F4320917}.Release|x64.ActiveCfg = Release|Any CPU
		{1A95F82C-2317-4D6E-9DFF-9384F4320917}.Release|x64.Build.0 = Release|Any CPU
		{1FF6A874-E1A9-4F00-97D9-BDAD9D4E9288}.Debug|Any CPU.ActiveCfg = Debug|Any CPU
		{1FF6A874-E1A9-4F00-97D9-BDAD9D4E9288}.Debug|Any CPU.Build.0 = Debug|Any CPU
		{1FF6A874-E1A9-4F00-97D9-BDAD9D4E9288}.Debug|x64.ActiveCfg = Debug|Any CPU
		{1FF6A874-E1A9-4F00-97D9-BDAD9D4E9288}.Debug|x64.Build.0 = Debug|Any CPU
		{1FF6A874-E1A9-4F00-97D9-BDAD9D4E9288}.Release|Any CPU.ActiveCfg = Release|Any CPU
		{1FF6A874-E1A9-4F00-97D9-BDAD9D4E9288}.Release|Any CPU.Build.0 = Release|Any CPU
		{1FF6A874-E1A9-4F00-97D9-BDAD9D4E9288}.Release|x64.ActiveCfg = Release|Any CPU
		{1FF6A874-E1A9-4F00-97D9-BDAD9D4E9288}.Release|x64.Build.0 = Release|Any CPU
		{95700D37-62AD-4509-A022-81F684E36C53}.Debug|Any CPU.ActiveCfg = Debug|Any CPU
		{95700D37-62AD-4509-A022-81F684E36C53}.Debug|Any CPU.Build.0 = Debug|Any CPU
		{95700D37-62AD-4509-A022-81F684E36C53}.Debug|x64.ActiveCfg = Debug|Any CPU
		{95700D37-62AD-4509-A022-81F684E36C53}.Debug|x64.Build.0 = Debug|Any CPU
		{95700D37-62AD-4509-A022-81F684E36C53}.Release|Any CPU.ActiveCfg = Release|Any CPU
		{95700D37-62AD-4509-A022-81F684E36C53}.Release|Any CPU.Build.0 = Release|Any CPU
		{95700D37-62AD-4509-A022-81F684E36C53}.Release|x64.ActiveCfg = Release|Any CPU
		{95700D37-62AD-4509-A022-81F684E36C53}.Release|x64.Build.0 = Release|Any CPU
		{78B636B2-9D0D-4DDE-8A08-A495E90C32AE}.Debug|Any CPU.ActiveCfg = Debug|Any CPU
		{78B636B2-9D0D-4DDE-8A08-A495E90C32AE}.Debug|Any CPU.Build.0 = Debug|Any CPU
		{78B636B2-9D0D-4DDE-8A08-A495E90C32AE}.Debug|x64.ActiveCfg = Debug|Any CPU
		{78B636B2-9D0D-4DDE-8A08-A495E90C32AE}.Debug|x64.Build.0 = Debug|Any CPU
		{78B636B2-9D0D-4DDE-8A08-A495E90C32AE}.Release|Any CPU.ActiveCfg = Release|Any CPU
		{78B636B2-9D0D-4DDE-8A08-A495E90C32AE}.Release|Any CPU.Build.0 = Release|Any CPU
		{78B636B2-9D0D-4DDE-8A08-A495E90C32AE}.Release|x64.ActiveCfg = Release|Any CPU
		{78B636B2-9D0D-4DDE-8A08-A495E90C32AE}.Release|x64.Build.0 = Release|Any CPU
		{C2B70F66-5EF2-4DD2-B118-20BDB0D1A920}.Debug|Any CPU.ActiveCfg = Debug|Any CPU
		{C2B70F66-5EF2-4DD2-B118-20BDB0D1A920}.Debug|Any CPU.Build.0 = Debug|Any CPU
		{C2B70F66-5EF2-4DD2-B118-20BDB0D1A920}.Debug|x64.ActiveCfg = Debug|Any CPU
		{C2B70F66-5EF2-4DD2-B118-20BDB0D1A920}.Debug|x64.Build.0 = Debug|Any CPU
		{C2B70F66-5EF2-4DD2-B118-20BDB0D1A920}.Release|Any CPU.ActiveCfg = Release|Any CPU
		{C2B70F66-5EF2-4DD2-B118-20BDB0D1A920}.Release|Any CPU.Build.0 = Release|Any CPU
		{C2B70F66-5EF2-4DD2-B118-20BDB0D1A920}.Release|x64.ActiveCfg = Release|Any CPU
		{C2B70F66-5EF2-4DD2-B118-20BDB0D1A920}.Release|x64.Build.0 = Release|Any CPU
		{72E9B7FA-7C4B-47AB-B14C-3DAC8B7349A8}.Debug|Any CPU.ActiveCfg = Debug|Any CPU
		{72E9B7FA-7C4B-47AB-B14C-3DAC8B7349A8}.Debug|Any CPU.Build.0 = Debug|Any CPU
		{72E9B7FA-7C4B-47AB-B14C-3DAC8B7349A8}.Debug|x64.ActiveCfg = Debug|Any CPU
		{72E9B7FA-7C4B-47AB-B14C-3DAC8B7349A8}.Debug|x64.Build.0 = Debug|Any CPU
		{72E9B7FA-7C4B-47AB-B14C-3DAC8B7349A8}.Release|Any CPU.ActiveCfg = Release|Any CPU
		{72E9B7FA-7C4B-47AB-B14C-3DAC8B7349A8}.Release|Any CPU.Build.0 = Release|Any CPU
		{72E9B7FA-7C4B-47AB-B14C-3DAC8B7349A8}.Release|x64.ActiveCfg = Release|Any CPU
		{72E9B7FA-7C4B-47AB-B14C-3DAC8B7349A8}.Release|x64.Build.0 = Release|Any CPU
		{B12CD08C-4C27-4B20-8D56-F84DED848201}.Debug|Any CPU.ActiveCfg = Debug|Any CPU
		{B12CD08C-4C27-4B20-8D56-F84DED848201}.Debug|Any CPU.Build.0 = Debug|Any CPU
		{B12CD08C-4C27-4B20-8D56-F84DED848201}.Debug|x64.ActiveCfg = Debug|Any CPU
		{B12CD08C-4C27-4B20-8D56-F84DED848201}.Debug|x64.Build.0 = Debug|Any CPU
		{B12CD08C-4C27-4B20-8D56-F84DED848201}.Release|Any CPU.ActiveCfg = Release|Any CPU
		{B12CD08C-4C27-4B20-8D56-F84DED848201}.Release|Any CPU.Build.0 = Release|Any CPU
		{B12CD08C-4C27-4B20-8D56-F84DED848201}.Release|x64.ActiveCfg = Release|Any CPU
		{B12CD08C-4C27-4B20-8D56-F84DED848201}.Release|x64.Build.0 = Release|Any CPU
		{E31B1C6D-EA72-4BB0-A92F-D2DB25444CC0}.Debug|Any CPU.ActiveCfg = Debug|Any CPU
		{E31B1C6D-EA72-4BB0-A92F-D2DB25444CC0}.Debug|Any CPU.Build.0 = Debug|Any CPU
		{E31B1C6D-EA72-4BB0-A92F-D2DB25444CC0}.Debug|x64.ActiveCfg = Debug|Any CPU
		{E31B1C6D-EA72-4BB0-A92F-D2DB25444CC0}.Debug|x64.Build.0 = Debug|Any CPU
		{E31B1C6D-EA72-4BB0-A92F-D2DB25444CC0}.Release|Any CPU.ActiveCfg = Release|Any CPU
		{E31B1C6D-EA72-4BB0-A92F-D2DB25444CC0}.Release|Any CPU.Build.0 = Release|Any CPU
		{E31B1C6D-EA72-4BB0-A92F-D2DB25444CC0}.Release|x64.ActiveCfg = Release|Any CPU
		{E31B1C6D-EA72-4BB0-A92F-D2DB25444CC0}.Release|x64.Build.0 = Release|Any CPU
		{80C178C3-00E1-4C4D-A8D3-F0B18E898EEA}.Debug|Any CPU.ActiveCfg = Debug|Any CPU
		{80C178C3-00E1-4C4D-A8D3-F0B18E898EEA}.Debug|Any CPU.Build.0 = Debug|Any CPU
		{80C178C3-00E1-4C4D-A8D3-F0B18E898EEA}.Debug|x64.ActiveCfg = Debug|Any CPU
		{80C178C3-00E1-4C4D-A8D3-F0B18E898EEA}.Debug|x64.Build.0 = Debug|Any CPU
		{80C178C3-00E1-4C4D-A8D3-F0B18E898EEA}.Release|Any CPU.ActiveCfg = Release|Any CPU
		{80C178C3-00E1-4C4D-A8D3-F0B18E898EEA}.Release|Any CPU.Build.0 = Release|Any CPU
		{80C178C3-00E1-4C4D-A8D3-F0B18E898EEA}.Release|x64.ActiveCfg = Release|Any CPU
		{80C178C3-00E1-4C4D-A8D3-F0B18E898EEA}.Release|x64.Build.0 = Release|Any CPU
		{678C3B50-50CA-42E4-BA02-73BA895757A4}.Debug|Any CPU.ActiveCfg = Debug|Any CPU
		{678C3B50-50CA-42E4-BA02-73BA895757A4}.Debug|Any CPU.Build.0 = Debug|Any CPU
		{678C3B50-50CA-42E4-BA02-73BA895757A4}.Debug|x64.ActiveCfg = Debug|Any CPU
		{678C3B50-50CA-42E4-BA02-73BA895757A4}.Debug|x64.Build.0 = Debug|Any CPU
		{678C3B50-50CA-42E4-BA02-73BA895757A4}.Release|Any CPU.ActiveCfg = Release|Any CPU
		{678C3B50-50CA-42E4-BA02-73BA895757A4}.Release|Any CPU.Build.0 = Release|Any CPU
		{678C3B50-50CA-42E4-BA02-73BA895757A4}.Release|x64.ActiveCfg = Release|Any CPU
		{678C3B50-50CA-42E4-BA02-73BA895757A4}.Release|x64.Build.0 = Release|Any CPU
		{275DBF30-9713-4D54-86AE-42E78B7E7A1D}.Debug|Any CPU.ActiveCfg = Debug|Any CPU
		{275DBF30-9713-4D54-86AE-42E78B7E7A1D}.Debug|Any CPU.Build.0 = Debug|Any CPU
		{275DBF30-9713-4D54-86AE-42E78B7E7A1D}.Debug|x64.ActiveCfg = Debug|Any CPU
		{275DBF30-9713-4D54-86AE-42E78B7E7A1D}.Debug|x64.Build.0 = Debug|Any CPU
		{275DBF30-9713-4D54-86AE-42E78B7E7A1D}.Release|Any CPU.ActiveCfg = Release|Any CPU
		{275DBF30-9713-4D54-86AE-42E78B7E7A1D}.Release|Any CPU.Build.0 = Release|Any CPU
		{275DBF30-9713-4D54-86AE-42E78B7E7A1D}.Release|x64.ActiveCfg = Release|Any CPU
		{275DBF30-9713-4D54-86AE-42E78B7E7A1D}.Release|x64.Build.0 = Release|Any CPU
		{6A67FBFC-F8A3-447A-83F0-B81E645D05B8}.Debug|Any CPU.ActiveCfg = Debug|Any CPU
		{6A67FBFC-F8A3-447A-83F0-B81E645D05B8}.Debug|Any CPU.Build.0 = Debug|Any CPU
		{6A67FBFC-F8A3-447A-83F0-B81E645D05B8}.Debug|x64.ActiveCfg = Debug|Any CPU
		{6A67FBFC-F8A3-447A-83F0-B81E645D05B8}.Debug|x64.Build.0 = Debug|Any CPU
		{6A67FBFC-F8A3-447A-83F0-B81E645D05B8}.Release|Any CPU.ActiveCfg = Release|Any CPU
		{6A67FBFC-F8A3-447A-83F0-B81E645D05B8}.Release|Any CPU.Build.0 = Release|Any CPU
		{6A67FBFC-F8A3-447A-83F0-B81E645D05B8}.Release|x64.ActiveCfg = Release|Any CPU
		{6A67FBFC-F8A3-447A-83F0-B81E645D05B8}.Release|x64.Build.0 = Release|Any CPU
		{0AD6FC21-D6E4-465C-99B1-37F4AA9DC0A8}.Debug|Any CPU.ActiveCfg = Debug|Any CPU
		{0AD6FC21-D6E4-465C-99B1-37F4AA9DC0A8}.Debug|Any CPU.Build.0 = Debug|Any CPU
		{0AD6FC21-D6E4-465C-99B1-37F4AA9DC0A8}.Debug|x64.ActiveCfg = Debug|Any CPU
		{0AD6FC21-D6E4-465C-99B1-37F4AA9DC0A8}.Debug|x64.Build.0 = Debug|Any CPU
		{0AD6FC21-D6E4-465C-99B1-37F4AA9DC0A8}.Release|Any CPU.ActiveCfg = Release|Any CPU
		{0AD6FC21-D6E4-465C-99B1-37F4AA9DC0A8}.Release|Any CPU.Build.0 = Release|Any CPU
		{0AD6FC21-D6E4-465C-99B1-37F4AA9DC0A8}.Release|x64.ActiveCfg = Release|Any CPU
		{0AD6FC21-D6E4-465C-99B1-37F4AA9DC0A8}.Release|x64.Build.0 = Release|Any CPU
		{D661B2D5-3827-45A4-AAE8-863D6E0BE10B}.Debug|Any CPU.ActiveCfg = Debug|Any CPU
		{D661B2D5-3827-45A4-AAE8-863D6E0BE10B}.Debug|Any CPU.Build.0 = Debug|Any CPU
		{D661B2D5-3827-45A4-AAE8-863D6E0BE10B}.Debug|x64.ActiveCfg = Debug|Any CPU
		{D661B2D5-3827-45A4-AAE8-863D6E0BE10B}.Debug|x64.Build.0 = Debug|Any CPU
		{D661B2D5-3827-45A4-AAE8-863D6E0BE10B}.Release|Any CPU.ActiveCfg = Release|Any CPU
		{D661B2D5-3827-45A4-AAE8-863D6E0BE10B}.Release|Any CPU.Build.0 = Release|Any CPU
		{D661B2D5-3827-45A4-AAE8-863D6E0BE10B}.Release|x64.ActiveCfg = Release|Any CPU
		{D661B2D5-3827-45A4-AAE8-863D6E0BE10B}.Release|x64.Build.0 = Release|Any CPU
		{FAF3C76F-D2B3-4C54-99CB-09172C930051}.Debug|Any CPU.ActiveCfg = Debug|Any CPU
		{FAF3C76F-D2B3-4C54-99CB-09172C930051}.Debug|Any CPU.Build.0 = Debug|Any CPU
		{FAF3C76F-D2B3-4C54-99CB-09172C930051}.Debug|x64.ActiveCfg = Debug|Any CPU
		{FAF3C76F-D2B3-4C54-99CB-09172C930051}.Debug|x64.Build.0 = Debug|Any CPU
		{FAF3C76F-D2B3-4C54-99CB-09172C930051}.Release|Any CPU.ActiveCfg = Release|Any CPU
		{FAF3C76F-D2B3-4C54-99CB-09172C930051}.Release|Any CPU.Build.0 = Release|Any CPU
		{FAF3C76F-D2B3-4C54-99CB-09172C930051}.Release|x64.ActiveCfg = Release|Any CPU
		{FAF3C76F-D2B3-4C54-99CB-09172C930051}.Release|x64.Build.0 = Release|Any CPU
		{B54A0AC7-E320-429D-B75B-914C879B93D6}.Debug|Any CPU.ActiveCfg = Debug|Any CPU
		{B54A0AC7-E320-429D-B75B-914C879B93D6}.Debug|Any CPU.Build.0 = Debug|Any CPU
		{B54A0AC7-E320-429D-B75B-914C879B93D6}.Debug|x64.ActiveCfg = Debug|Any CPU
		{B54A0AC7-E320-429D-B75B-914C879B93D6}.Debug|x64.Build.0 = Debug|Any CPU
		{B54A0AC7-E320-429D-B75B-914C879B93D6}.Release|Any CPU.ActiveCfg = Release|Any CPU
		{B54A0AC7-E320-429D-B75B-914C879B93D6}.Release|Any CPU.Build.0 = Release|Any CPU
		{B54A0AC7-E320-429D-B75B-914C879B93D6}.Release|x64.ActiveCfg = Release|Any CPU
		{B54A0AC7-E320-429D-B75B-914C879B93D6}.Release|x64.Build.0 = Release|Any CPU
		{0E234D5C-A1E9-4215-9F64-DC7FA0EB0430}.Debug|Any CPU.ActiveCfg = Debug|Any CPU
		{0E234D5C-A1E9-4215-9F64-DC7FA0EB0430}.Debug|Any CPU.Build.0 = Debug|Any CPU
		{0E234D5C-A1E9-4215-9F64-DC7FA0EB0430}.Debug|x64.ActiveCfg = Debug|Any CPU
		{0E234D5C-A1E9-4215-9F64-DC7FA0EB0430}.Debug|x64.Build.0 = Debug|Any CPU
		{0E234D5C-A1E9-4215-9F64-DC7FA0EB0430}.Release|Any CPU.ActiveCfg = Release|Any CPU
		{0E234D5C-A1E9-4215-9F64-DC7FA0EB0430}.Release|Any CPU.Build.0 = Release|Any CPU
		{0E234D5C-A1E9-4215-9F64-DC7FA0EB0430}.Release|x64.ActiveCfg = Release|Any CPU
		{0E234D5C-A1E9-4215-9F64-DC7FA0EB0430}.Release|x64.Build.0 = Release|Any CPU
		{8D7C6B4C-B1EC-4149-A1A9-E78646DE2482}.Debug|Any CPU.ActiveCfg = Debug|Any CPU
		{8D7C6B4C-B1EC-4149-A1A9-E78646DE2482}.Debug|Any CPU.Build.0 = Debug|Any CPU
		{8D7C6B4C-B1EC-4149-A1A9-E78646DE2482}.Debug|x64.ActiveCfg = Debug|Any CPU
		{8D7C6B4C-B1EC-4149-A1A9-E78646DE2482}.Debug|x64.Build.0 = Debug|Any CPU
		{8D7C6B4C-B1EC-4149-A1A9-E78646DE2482}.Release|Any CPU.ActiveCfg = Release|Any CPU
		{8D7C6B4C-B1EC-4149-A1A9-E78646DE2482}.Release|Any CPU.Build.0 = Release|Any CPU
		{8D7C6B4C-B1EC-4149-A1A9-E78646DE2482}.Release|x64.ActiveCfg = Release|Any CPU
		{8D7C6B4C-B1EC-4149-A1A9-E78646DE2482}.Release|x64.Build.0 = Release|Any CPU
		{013A99BD-FCEF-4474-8266-6C6405969E81}.Debug|Any CPU.ActiveCfg = Debug|Any CPU
		{013A99BD-FCEF-4474-8266-6C6405969E81}.Debug|Any CPU.Build.0 = Debug|Any CPU
		{013A99BD-FCEF-4474-8266-6C6405969E81}.Debug|x64.ActiveCfg = Debug|Any CPU
		{013A99BD-FCEF-4474-8266-6C6405969E81}.Debug|x64.Build.0 = Debug|Any CPU
		{013A99BD-FCEF-4474-8266-6C6405969E81}.Release|Any CPU.ActiveCfg = Release|Any CPU
		{013A99BD-FCEF-4474-8266-6C6405969E81}.Release|Any CPU.Build.0 = Release|Any CPU
		{013A99BD-FCEF-4474-8266-6C6405969E81}.Release|x64.ActiveCfg = Release|Any CPU
		{013A99BD-FCEF-4474-8266-6C6405969E81}.Release|x64.Build.0 = Release|Any CPU
		{A7F0BD36-39A1-454A-9998-54F808DA79BF}.Debug|Any CPU.ActiveCfg = Debug|Any CPU
		{A7F0BD36-39A1-454A-9998-54F808DA79BF}.Debug|Any CPU.Build.0 = Debug|Any CPU
		{A7F0BD36-39A1-454A-9998-54F808DA79BF}.Debug|x64.ActiveCfg = Debug|Any CPU
		{A7F0BD36-39A1-454A-9998-54F808DA79BF}.Debug|x64.Build.0 = Debug|Any CPU
		{A7F0BD36-39A1-454A-9998-54F808DA79BF}.Release|Any CPU.ActiveCfg = Release|Any CPU
		{A7F0BD36-39A1-454A-9998-54F808DA79BF}.Release|Any CPU.Build.0 = Release|Any CPU
		{A7F0BD36-39A1-454A-9998-54F808DA79BF}.Release|x64.ActiveCfg = Release|Any CPU
		{A7F0BD36-39A1-454A-9998-54F808DA79BF}.Release|x64.Build.0 = Release|Any CPU
		{FE14106A-3F04-4D6D-9819-B994CDF298BA}.Debug|Any CPU.ActiveCfg = Debug|Any CPU
		{FE14106A-3F04-4D6D-9819-B994CDF298BA}.Debug|Any CPU.Build.0 = Debug|Any CPU
		{FE14106A-3F04-4D6D-9819-B994CDF298BA}.Debug|x64.ActiveCfg = Debug|Any CPU
		{FE14106A-3F04-4D6D-9819-B994CDF298BA}.Debug|x64.Build.0 = Debug|Any CPU
		{FE14106A-3F04-4D6D-9819-B994CDF298BA}.Release|Any CPU.ActiveCfg = Release|Any CPU
		{FE14106A-3F04-4D6D-9819-B994CDF298BA}.Release|Any CPU.Build.0 = Release|Any CPU
		{FE14106A-3F04-4D6D-9819-B994CDF298BA}.Release|x64.ActiveCfg = Release|Any CPU
		{FE14106A-3F04-4D6D-9819-B994CDF298BA}.Release|x64.Build.0 = Release|Any CPU
		{A5198886-C5AB-4BC2-AAB4-85676926BB5E}.Debug|Any CPU.ActiveCfg = Debug|Any CPU
		{A5198886-C5AB-4BC2-AAB4-85676926BB5E}.Debug|Any CPU.Build.0 = Debug|Any CPU
		{A5198886-C5AB-4BC2-AAB4-85676926BB5E}.Debug|x64.ActiveCfg = Debug|Any CPU
		{A5198886-C5AB-4BC2-AAB4-85676926BB5E}.Debug|x64.Build.0 = Debug|Any CPU
		{A5198886-C5AB-4BC2-AAB4-85676926BB5E}.Release|Any CPU.ActiveCfg = Release|Any CPU
		{A5198886-C5AB-4BC2-AAB4-85676926BB5E}.Release|Any CPU.Build.0 = Release|Any CPU
		{A5198886-C5AB-4BC2-AAB4-85676926BB5E}.Release|x64.ActiveCfg = Release|Any CPU
		{A5198886-C5AB-4BC2-AAB4-85676926BB5E}.Release|x64.Build.0 = Release|Any CPU
		{631A076C-112B-449B-9294-C49D4161CCB0}.Debug|Any CPU.ActiveCfg = Debug|Any CPU
		{631A076C-112B-449B-9294-C49D4161CCB0}.Debug|Any CPU.Build.0 = Debug|Any CPU
		{631A076C-112B-449B-9294-C49D4161CCB0}.Debug|x64.ActiveCfg = Debug|Any CPU
		{631A076C-112B-449B-9294-C49D4161CCB0}.Debug|x64.Build.0 = Debug|Any CPU
		{631A076C-112B-449B-9294-C49D4161CCB0}.Release|Any CPU.ActiveCfg = Release|Any CPU
		{631A076C-112B-449B-9294-C49D4161CCB0}.Release|Any CPU.Build.0 = Release|Any CPU
		{631A076C-112B-449B-9294-C49D4161CCB0}.Release|x64.ActiveCfg = Release|Any CPU
		{631A076C-112B-449B-9294-C49D4161CCB0}.Release|x64.Build.0 = Release|Any CPU
		{0FF6FBFD-4E32-4265-A7B1-362AC6BC929D}.Debug|Any CPU.ActiveCfg = Debug|Any CPU
		{0FF6FBFD-4E32-4265-A7B1-362AC6BC929D}.Debug|Any CPU.Build.0 = Debug|Any CPU
		{0FF6FBFD-4E32-4265-A7B1-362AC6BC929D}.Debug|x64.ActiveCfg = Debug|x64
		{0FF6FBFD-4E32-4265-A7B1-362AC6BC929D}.Debug|x64.Build.0 = Debug|x64
		{0FF6FBFD-4E32-4265-A7B1-362AC6BC929D}.Release|Any CPU.ActiveCfg = Release|Any CPU
		{0FF6FBFD-4E32-4265-A7B1-362AC6BC929D}.Release|Any CPU.Build.0 = Release|Any CPU
		{0FF6FBFD-4E32-4265-A7B1-362AC6BC929D}.Release|x64.ActiveCfg = Release|x64
		{0FF6FBFD-4E32-4265-A7B1-362AC6BC929D}.Release|x64.Build.0 = Release|x64
		{9C0B9D61-519F-4F3C-A47A-955CCB44E1ED}.Debug|Any CPU.ActiveCfg = Debug|Any CPU
		{9C0B9D61-519F-4F3C-A47A-955CCB44E1ED}.Debug|Any CPU.Build.0 = Debug|Any CPU
		{9C0B9D61-519F-4F3C-A47A-955CCB44E1ED}.Debug|x64.ActiveCfg = Debug|Any CPU
		{9C0B9D61-519F-4F3C-A47A-955CCB44E1ED}.Debug|x64.Build.0 = Debug|Any CPU
		{9C0B9D61-519F-4F3C-A47A-955CCB44E1ED}.Release|Any CPU.ActiveCfg = Release|Any CPU
		{9C0B9D61-519F-4F3C-A47A-955CCB44E1ED}.Release|Any CPU.Build.0 = Release|Any CPU
		{9C0B9D61-519F-4F3C-A47A-955CCB44E1ED}.Release|x64.ActiveCfg = Release|Any CPU
		{9C0B9D61-519F-4F3C-A47A-955CCB44E1ED}.Release|x64.Build.0 = Release|Any CPU
		{0378890F-021E-41CE-B576-DCBF8EBAAB23}.Debug|Any CPU.ActiveCfg = Debug|Any CPU
		{0378890F-021E-41CE-B576-DCBF8EBAAB23}.Debug|Any CPU.Build.0 = Debug|Any CPU
		{0378890F-021E-41CE-B576-DCBF8EBAAB23}.Debug|x64.ActiveCfg = Debug|Any CPU
		{0378890F-021E-41CE-B576-DCBF8EBAAB23}.Debug|x64.Build.0 = Debug|Any CPU
		{0378890F-021E-41CE-B576-DCBF8EBAAB23}.Release|Any CPU.ActiveCfg = Release|Any CPU
		{0378890F-021E-41CE-B576-DCBF8EBAAB23}.Release|Any CPU.Build.0 = Release|Any CPU
		{0378890F-021E-41CE-B576-DCBF8EBAAB23}.Release|x64.ActiveCfg = Release|Any CPU
		{0378890F-021E-41CE-B576-DCBF8EBAAB23}.Release|x64.Build.0 = Release|Any CPU
		{F9B26ECE-7B70-4CC4-8428-70981041F33F}.Debug|Any CPU.ActiveCfg = Debug|Any CPU
		{F9B26ECE-7B70-4CC4-8428-70981041F33F}.Debug|Any CPU.Build.0 = Debug|Any CPU
		{F9B26ECE-7B70-4CC4-8428-70981041F33F}.Debug|x64.ActiveCfg = Debug|Any CPU
		{F9B26ECE-7B70-4CC4-8428-70981041F33F}.Debug|x64.Build.0 = Debug|Any CPU
		{F9B26ECE-7B70-4CC4-8428-70981041F33F}.Release|Any CPU.ActiveCfg = Release|Any CPU
		{F9B26ECE-7B70-4CC4-8428-70981041F33F}.Release|Any CPU.Build.0 = Release|Any CPU
		{F9B26ECE-7B70-4CC4-8428-70981041F33F}.Release|x64.ActiveCfg = Release|Any CPU
		{F9B26ECE-7B70-4CC4-8428-70981041F33F}.Release|x64.Build.0 = Release|Any CPU
		{08F582AD-2FF1-46F9-8B4C-2051D15BB035}.Debug|Any CPU.ActiveCfg = Debug|Any CPU
		{08F582AD-2FF1-46F9-8B4C-2051D15BB035}.Debug|Any CPU.Build.0 = Debug|Any CPU
		{08F582AD-2FF1-46F9-8B4C-2051D15BB035}.Debug|x64.ActiveCfg = Debug|Any CPU
		{08F582AD-2FF1-46F9-8B4C-2051D15BB035}.Debug|x64.Build.0 = Debug|Any CPU
		{08F582AD-2FF1-46F9-8B4C-2051D15BB035}.Release|Any CPU.ActiveCfg = Release|Any CPU
		{08F582AD-2FF1-46F9-8B4C-2051D15BB035}.Release|Any CPU.Build.0 = Release|Any CPU
		{08F582AD-2FF1-46F9-8B4C-2051D15BB035}.Release|x64.ActiveCfg = Release|Any CPU
		{08F582AD-2FF1-46F9-8B4C-2051D15BB035}.Release|x64.Build.0 = Release|Any CPU
		{865B3451-9DF6-4F26-B40C-8E54D6E3B187}.Debug|Any CPU.ActiveCfg = Debug|Any CPU
		{865B3451-9DF6-4F26-B40C-8E54D6E3B187}.Debug|Any CPU.Build.0 = Debug|Any CPU
		{865B3451-9DF6-4F26-B40C-8E54D6E3B187}.Debug|x64.ActiveCfg = Debug|Any CPU
		{865B3451-9DF6-4F26-B40C-8E54D6E3B187}.Debug|x64.Build.0 = Debug|Any CPU
		{865B3451-9DF6-4F26-B40C-8E54D6E3B187}.Release|Any CPU.ActiveCfg = Release|Any CPU
		{865B3451-9DF6-4F26-B40C-8E54D6E3B187}.Release|Any CPU.Build.0 = Release|Any CPU
		{865B3451-9DF6-4F26-B40C-8E54D6E3B187}.Release|x64.ActiveCfg = Release|Any CPU
		{865B3451-9DF6-4F26-B40C-8E54D6E3B187}.Release|x64.Build.0 = Release|Any CPU
		{7002719E-1D37-4492-8B5A-78BA50F56030}.Debug|Any CPU.ActiveCfg = Debug|Any CPU
		{7002719E-1D37-4492-8B5A-78BA50F56030}.Debug|Any CPU.Build.0 = Debug|Any CPU
		{7002719E-1D37-4492-8B5A-78BA50F56030}.Debug|x64.ActiveCfg = Debug|Any CPU
		{7002719E-1D37-4492-8B5A-78BA50F56030}.Debug|x64.Build.0 = Debug|Any CPU
		{7002719E-1D37-4492-8B5A-78BA50F56030}.Release|Any CPU.ActiveCfg = Release|Any CPU
		{7002719E-1D37-4492-8B5A-78BA50F56030}.Release|Any CPU.Build.0 = Release|Any CPU
		{7002719E-1D37-4492-8B5A-78BA50F56030}.Release|x64.ActiveCfg = Release|Any CPU
		{7002719E-1D37-4492-8B5A-78BA50F56030}.Release|x64.Build.0 = Release|Any CPU
		{A2F1F470-2A2F-4E2E-A1EE-1CCD0F6DFCD8}.Debug|Any CPU.ActiveCfg = Debug|Any CPU
		{A2F1F470-2A2F-4E2E-A1EE-1CCD0F6DFCD8}.Debug|Any CPU.Build.0 = Debug|Any CPU
		{A2F1F470-2A2F-4E2E-A1EE-1CCD0F6DFCD8}.Debug|x64.ActiveCfg = Debug|Any CPU
		{A2F1F470-2A2F-4E2E-A1EE-1CCD0F6DFCD8}.Debug|x64.Build.0 = Debug|Any CPU
		{A2F1F470-2A2F-4E2E-A1EE-1CCD0F6DFCD8}.Release|Any CPU.ActiveCfg = Release|Any CPU
		{A2F1F470-2A2F-4E2E-A1EE-1CCD0F6DFCD8}.Release|Any CPU.Build.0 = Release|Any CPU
		{A2F1F470-2A2F-4E2E-A1EE-1CCD0F6DFCD8}.Release|x64.ActiveCfg = Release|Any CPU
		{A2F1F470-2A2F-4E2E-A1EE-1CCD0F6DFCD8}.Release|x64.Build.0 = Release|Any CPU
		{E1B3A554-2ADD-4028-BF6F-92CA038C98BE}.Debug|Any CPU.ActiveCfg = Debug|Any CPU
		{E1B3A554-2ADD-4028-BF6F-92CA038C98BE}.Debug|Any CPU.Build.0 = Debug|Any CPU
		{E1B3A554-2ADD-4028-BF6F-92CA038C98BE}.Debug|x64.ActiveCfg = Debug|Any CPU
		{E1B3A554-2ADD-4028-BF6F-92CA038C98BE}.Debug|x64.Build.0 = Debug|Any CPU
		{E1B3A554-2ADD-4028-BF6F-92CA038C98BE}.Release|Any CPU.ActiveCfg = Release|Any CPU
		{E1B3A554-2ADD-4028-BF6F-92CA038C98BE}.Release|Any CPU.Build.0 = Release|Any CPU
		{E1B3A554-2ADD-4028-BF6F-92CA038C98BE}.Release|x64.ActiveCfg = Release|Any CPU
		{E1B3A554-2ADD-4028-BF6F-92CA038C98BE}.Release|x64.Build.0 = Release|Any CPU
		{B6CDF106-92E9-4AAD-8F3C-672258809F68}.Debug|Any CPU.ActiveCfg = Debug|Any CPU
		{B6CDF106-92E9-4AAD-8F3C-672258809F68}.Debug|Any CPU.Build.0 = Debug|Any CPU
		{B6CDF106-92E9-4AAD-8F3C-672258809F68}.Debug|x64.ActiveCfg = Debug|Any CPU
		{B6CDF106-92E9-4AAD-8F3C-672258809F68}.Debug|x64.Build.0 = Debug|Any CPU
		{B6CDF106-92E9-4AAD-8F3C-672258809F68}.Release|Any CPU.ActiveCfg = Release|Any CPU
		{B6CDF106-92E9-4AAD-8F3C-672258809F68}.Release|Any CPU.Build.0 = Release|Any CPU
		{B6CDF106-92E9-4AAD-8F3C-672258809F68}.Release|x64.ActiveCfg = Release|Any CPU
		{B6CDF106-92E9-4AAD-8F3C-672258809F68}.Release|x64.Build.0 = Release|Any CPU
		{993CA0D7-74F3-426D-BCC6-EC44DAD625F9}.Debug|Any CPU.ActiveCfg = Debug|Any CPU
		{993CA0D7-74F3-426D-BCC6-EC44DAD625F9}.Debug|Any CPU.Build.0 = Debug|Any CPU
		{993CA0D7-74F3-426D-BCC6-EC44DAD625F9}.Debug|x64.ActiveCfg = Debug|Any CPU
		{993CA0D7-74F3-426D-BCC6-EC44DAD625F9}.Debug|x64.Build.0 = Debug|Any CPU
		{993CA0D7-74F3-426D-BCC6-EC44DAD625F9}.Release|Any CPU.ActiveCfg = Release|Any CPU
		{993CA0D7-74F3-426D-BCC6-EC44DAD625F9}.Release|Any CPU.Build.0 = Release|Any CPU
		{993CA0D7-74F3-426D-BCC6-EC44DAD625F9}.Release|x64.ActiveCfg = Release|Any CPU
		{993CA0D7-74F3-426D-BCC6-EC44DAD625F9}.Release|x64.Build.0 = Release|Any CPU
		{67228661-15E7-4D66-A1F0-D57FB880972F}.Debug|Any CPU.ActiveCfg = Debug|Any CPU
		{67228661-15E7-4D66-A1F0-D57FB880972F}.Debug|Any CPU.Build.0 = Debug|Any CPU
		{67228661-15E7-4D66-A1F0-D57FB880972F}.Debug|x64.ActiveCfg = Debug|Any CPU
		{67228661-15E7-4D66-A1F0-D57FB880972F}.Debug|x64.Build.0 = Debug|Any CPU
		{67228661-15E7-4D66-A1F0-D57FB880972F}.Release|Any CPU.ActiveCfg = Release|Any CPU
		{67228661-15E7-4D66-A1F0-D57FB880972F}.Release|Any CPU.Build.0 = Release|Any CPU
		{67228661-15E7-4D66-A1F0-D57FB880972F}.Release|x64.ActiveCfg = Release|Any CPU
		{67228661-15E7-4D66-A1F0-D57FB880972F}.Release|x64.Build.0 = Release|Any CPU
		{018D2AF8-187C-4B0C-A382-5889F56C4B79}.Debug|Any CPU.ActiveCfg = Debug|Any CPU
		{018D2AF8-187C-4B0C-A382-5889F56C4B79}.Debug|Any CPU.Build.0 = Debug|Any CPU
		{018D2AF8-187C-4B0C-A382-5889F56C4B79}.Debug|x64.ActiveCfg = Debug|Any CPU
		{018D2AF8-187C-4B0C-A382-5889F56C4B79}.Debug|x64.Build.0 = Debug|Any CPU
		{018D2AF8-187C-4B0C-A382-5889F56C4B79}.Release|Any CPU.ActiveCfg = Release|Any CPU
		{018D2AF8-187C-4B0C-A382-5889F56C4B79}.Release|Any CPU.Build.0 = Release|Any CPU
		{018D2AF8-187C-4B0C-A382-5889F56C4B79}.Release|x64.ActiveCfg = Release|Any CPU
		{018D2AF8-187C-4B0C-A382-5889F56C4B79}.Release|x64.Build.0 = Release|Any CPU
		{F8E0E6DE-C055-4C9F-9558-9CA180143FE2}.Debug|Any CPU.ActiveCfg = Debug|Any CPU
		{F8E0E6DE-C055-4C9F-9558-9CA180143FE2}.Debug|Any CPU.Build.0 = Debug|Any CPU
		{F8E0E6DE-C055-4C9F-9558-9CA180143FE2}.Debug|x64.ActiveCfg = Debug|Any CPU
		{F8E0E6DE-C055-4C9F-9558-9CA180143FE2}.Debug|x64.Build.0 = Debug|Any CPU
		{F8E0E6DE-C055-4C9F-9558-9CA180143FE2}.Release|Any CPU.ActiveCfg = Release|Any CPU
		{F8E0E6DE-C055-4C9F-9558-9CA180143FE2}.Release|Any CPU.Build.0 = Release|Any CPU
		{F8E0E6DE-C055-4C9F-9558-9CA180143FE2}.Release|x64.ActiveCfg = Release|Any CPU
		{F8E0E6DE-C055-4C9F-9558-9CA180143FE2}.Release|x64.Build.0 = Release|Any CPU
		{80DAC83B-6137-4F01-893D-1DD8F3B2F1F4}.Debug|Any CPU.ActiveCfg = Debug|Any CPU
		{80DAC83B-6137-4F01-893D-1DD8F3B2F1F4}.Debug|Any CPU.Build.0 = Debug|Any CPU
		{80DAC83B-6137-4F01-893D-1DD8F3B2F1F4}.Debug|x64.ActiveCfg = Debug|Any CPU
		{80DAC83B-6137-4F01-893D-1DD8F3B2F1F4}.Debug|x64.Build.0 = Debug|Any CPU
		{80DAC83B-6137-4F01-893D-1DD8F3B2F1F4}.Release|Any CPU.ActiveCfg = Release|Any CPU
		{80DAC83B-6137-4F01-893D-1DD8F3B2F1F4}.Release|Any CPU.Build.0 = Release|Any CPU
		{80DAC83B-6137-4F01-893D-1DD8F3B2F1F4}.Release|x64.ActiveCfg = Release|Any CPU
		{80DAC83B-6137-4F01-893D-1DD8F3B2F1F4}.Release|x64.Build.0 = Release|Any CPU
		{66EAA1BA-E04A-4365-BDF7-F1B88A3E87EC}.Debug|Any CPU.ActiveCfg = Debug|Any CPU
		{66EAA1BA-E04A-4365-BDF7-F1B88A3E87EC}.Debug|Any CPU.Build.0 = Debug|Any CPU
		{66EAA1BA-E04A-4365-BDF7-F1B88A3E87EC}.Debug|x64.ActiveCfg = Debug|Any CPU
		{66EAA1BA-E04A-4365-BDF7-F1B88A3E87EC}.Debug|x64.Build.0 = Debug|Any CPU
		{66EAA1BA-E04A-4365-BDF7-F1B88A3E87EC}.Release|Any CPU.ActiveCfg = Release|Any CPU
		{66EAA1BA-E04A-4365-BDF7-F1B88A3E87EC}.Release|Any CPU.Build.0 = Release|Any CPU
		{66EAA1BA-E04A-4365-BDF7-F1B88A3E87EC}.Release|x64.ActiveCfg = Release|Any CPU
		{66EAA1BA-E04A-4365-BDF7-F1B88A3E87EC}.Release|x64.Build.0 = Release|Any CPU
		{685DCF18-CE15-4CCE-9438-9422FE5E592A}.Debug|Any CPU.ActiveCfg = Debug|Any CPU
		{685DCF18-CE15-4CCE-9438-9422FE5E592A}.Debug|Any CPU.Build.0 = Debug|Any CPU
		{685DCF18-CE15-4CCE-9438-9422FE5E592A}.Debug|x64.ActiveCfg = Debug|Any CPU
		{685DCF18-CE15-4CCE-9438-9422FE5E592A}.Debug|x64.Build.0 = Debug|Any CPU
		{685DCF18-CE15-4CCE-9438-9422FE5E592A}.Release|Any CPU.ActiveCfg = Release|Any CPU
		{685DCF18-CE15-4CCE-9438-9422FE5E592A}.Release|Any CPU.Build.0 = Release|Any CPU
		{685DCF18-CE15-4CCE-9438-9422FE5E592A}.Release|x64.ActiveCfg = Release|Any CPU
		{685DCF18-CE15-4CCE-9438-9422FE5E592A}.Release|x64.Build.0 = Release|Any CPU
		{E0C05C3F-99E5-4120-90DB-4B0635C966BF}.Debug|Any CPU.ActiveCfg = Debug|Any CPU
		{E0C05C3F-99E5-4120-90DB-4B0635C966BF}.Debug|Any CPU.Build.0 = Debug|Any CPU
		{E0C05C3F-99E5-4120-90DB-4B0635C966BF}.Debug|x64.ActiveCfg = Debug|Any CPU
		{E0C05C3F-99E5-4120-90DB-4B0635C966BF}.Debug|x64.Build.0 = Debug|Any CPU
		{E0C05C3F-99E5-4120-90DB-4B0635C966BF}.Release|Any CPU.ActiveCfg = Release|Any CPU
		{E0C05C3F-99E5-4120-90DB-4B0635C966BF}.Release|Any CPU.Build.0 = Release|Any CPU
		{E0C05C3F-99E5-4120-90DB-4B0635C966BF}.Release|x64.ActiveCfg = Release|Any CPU
		{E0C05C3F-99E5-4120-90DB-4B0635C966BF}.Release|x64.Build.0 = Release|Any CPU
		{B7378200-6050-47DA-8BB9-B66982818873}.Debug|Any CPU.ActiveCfg = Debug|Any CPU
		{B7378200-6050-47DA-8BB9-B66982818873}.Debug|Any CPU.Build.0 = Debug|Any CPU
		{B7378200-6050-47DA-8BB9-B66982818873}.Debug|x64.ActiveCfg = Debug|Any CPU
		{B7378200-6050-47DA-8BB9-B66982818873}.Debug|x64.Build.0 = Debug|Any CPU
		{B7378200-6050-47DA-8BB9-B66982818873}.Release|Any CPU.ActiveCfg = Release|Any CPU
		{B7378200-6050-47DA-8BB9-B66982818873}.Release|Any CPU.Build.0 = Release|Any CPU
		{B7378200-6050-47DA-8BB9-B66982818873}.Release|x64.ActiveCfg = Release|Any CPU
		{B7378200-6050-47DA-8BB9-B66982818873}.Release|x64.Build.0 = Release|Any CPU
		{E908BC60-FD70-4D76-93C2-4ADA8E5CA7BE}.Debug|Any CPU.ActiveCfg = Debug|Any CPU
		{E908BC60-FD70-4D76-93C2-4ADA8E5CA7BE}.Debug|Any CPU.Build.0 = Debug|Any CPU
		{E908BC60-FD70-4D76-93C2-4ADA8E5CA7BE}.Debug|x64.ActiveCfg = Debug|Any CPU
		{E908BC60-FD70-4D76-93C2-4ADA8E5CA7BE}.Debug|x64.Build.0 = Debug|Any CPU
		{E908BC60-FD70-4D76-93C2-4ADA8E5CA7BE}.Release|Any CPU.ActiveCfg = Release|Any CPU
		{E908BC60-FD70-4D76-93C2-4ADA8E5CA7BE}.Release|Any CPU.Build.0 = Release|Any CPU
		{E908BC60-FD70-4D76-93C2-4ADA8E5CA7BE}.Release|x64.ActiveCfg = Release|Any CPU
		{E908BC60-FD70-4D76-93C2-4ADA8E5CA7BE}.Release|x64.Build.0 = Release|Any CPU
		{4B5A09F2-D632-4322-A6B5-7E9368DF92BB}.Debug|Any CPU.ActiveCfg = Debug|Any CPU
		{4B5A09F2-D632-4322-A6B5-7E9368DF92BB}.Debug|Any CPU.Build.0 = Debug|Any CPU
		{4B5A09F2-D632-4322-A6B5-7E9368DF92BB}.Debug|x64.ActiveCfg = Debug|Any CPU
		{4B5A09F2-D632-4322-A6B5-7E9368DF92BB}.Debug|x64.Build.0 = Debug|Any CPU
		{4B5A09F2-D632-4322-A6B5-7E9368DF92BB}.Release|Any CPU.ActiveCfg = Release|Any CPU
		{4B5A09F2-D632-4322-A6B5-7E9368DF92BB}.Release|Any CPU.Build.0 = Release|Any CPU
		{4B5A09F2-D632-4322-A6B5-7E9368DF92BB}.Release|x64.ActiveCfg = Release|Any CPU
		{4B5A09F2-D632-4322-A6B5-7E9368DF92BB}.Release|x64.Build.0 = Release|Any CPU
		{457EC9DD-8E8E-4BBD-B704-39EFCEC08F6A}.Debug|Any CPU.ActiveCfg = Debug|Any CPU
		{457EC9DD-8E8E-4BBD-B704-39EFCEC08F6A}.Debug|Any CPU.Build.0 = Debug|Any CPU
		{457EC9DD-8E8E-4BBD-B704-39EFCEC08F6A}.Debug|x64.ActiveCfg = Debug|Any CPU
		{457EC9DD-8E8E-4BBD-B704-39EFCEC08F6A}.Debug|x64.Build.0 = Debug|Any CPU
		{457EC9DD-8E8E-4BBD-B704-39EFCEC08F6A}.Release|Any CPU.ActiveCfg = Release|Any CPU
		{457EC9DD-8E8E-4BBD-B704-39EFCEC08F6A}.Release|Any CPU.Build.0 = Release|Any CPU
		{457EC9DD-8E8E-4BBD-B704-39EFCEC08F6A}.Release|x64.ActiveCfg = Release|Any CPU
		{457EC9DD-8E8E-4BBD-B704-39EFCEC08F6A}.Release|x64.Build.0 = Release|Any CPU
		{3F00DDF4-4F12-4624-B3CA-160812FB363B}.Debug|Any CPU.ActiveCfg = Debug|Any CPU
		{3F00DDF4-4F12-4624-B3CA-160812FB363B}.Debug|Any CPU.Build.0 = Debug|Any CPU
		{3F00DDF4-4F12-4624-B3CA-160812FB363B}.Debug|x64.ActiveCfg = Debug|Any CPU
		{3F00DDF4-4F12-4624-B3CA-160812FB363B}.Debug|x64.Build.0 = Debug|Any CPU
		{3F00DDF4-4F12-4624-B3CA-160812FB363B}.Release|Any CPU.ActiveCfg = Release|Any CPU
		{3F00DDF4-4F12-4624-B3CA-160812FB363B}.Release|Any CPU.Build.0 = Release|Any CPU
		{3F00DDF4-4F12-4624-B3CA-160812FB363B}.Release|x64.ActiveCfg = Release|Any CPU
		{3F00DDF4-4F12-4624-B3CA-160812FB363B}.Release|x64.Build.0 = Release|Any CPU
	EndGlobalSection
	GlobalSection(SolutionProperties) = preSolution
		HideSolutionNode = FALSE
	EndGlobalSection
	GlobalSection(NestedProjects) = preSolution
		{457EC9DD-8E8E-4BBD-B704-39EFCEC08F6A} = {2D6903F7-B771-4BB2-960F-D7FF7E65A002}
	EndGlobalSection
	GlobalSection(ExtensibilityGlobals) = postSolution
		SolutionGuid = {0C6D5A91-1AEB-409F-BA1E-BC9E4ADD804D}
	EndGlobalSection
EndGlobal
